
Microsoft Visual Studio Solution File, Format Version 12.00
# Visual Studio 15
VisualStudioVersion = 15.0.26020.0
MinimumVisualStudioVersion = 10.0.40219.1
Project("{8BC9CEB8-8B4A-11D0-8D11-00A0C91BC942}") = "RPi", "RPi\RPi.vcxproj", "{2D43E90D-44F0-4603-81BE-BABA530DEB2D}"
EndProject
Global
	GlobalSection(SolutionConfigurationPlatforms) = preSolution
		Debug|ARM = Debug|ARM
		Release|ARM = Release|ARM
	EndGlobalSection
	GlobalSection(ProjectConfigurationPlatforms) = postSolution
		{2D43E90D-44F0-4603-81BE-BABA530DEB2D}.Debug|ARM.ActiveCfg = Debug|ARM
		{2D43E90D-44F0-4603-81BE-BABA530DEB2D}.Debug|ARM.Build.0 = Debug|ARM
		{2D43E90D-44F0-4603-81BE-BABA530DEB2D}.Release|ARM.ActiveCfg = Release|ARM
		{2D43E90D-44F0-4603-81BE-BABA530DEB2D}.Release|ARM.Build.0 = Release|ARM
	EndGlobalSection
	GlobalSection(SolutionProperties) = preSolution
		HideSolutionNode = FALSE
	EndGlobalSection
EndGlobal
